
Microsoft Visual Studio Solution File, Format Version 12.00
# Visual Studio Version 17
VisualStudioVersion = 17.2.32630.192
MinimumVisualStudioVersion = 10.0.40219.1
Project("{FAE04EC0-301F-11D3-BF4B-00C04F79EFBC}") = "Arraysss", "Arraysss\Arraysss.csproj", "{2BAACB95-0B97-4E4E-80AE-7B6B7DA0B580}"
EndProject
Global
	GlobalSection(SolutionConfigurationPlatforms) = preSolution
		Debug|Any CPU = Debug|Any CPU
		Release|Any CPU = Release|Any CPU
	EndGlobalSection
	GlobalSection(ProjectConfigurationPlatforms) = postSolution
		{2BAACB95-0B97-4E4E-80AE-7B6B7DA0B580}.Debug|Any CPU.ActiveCfg = Debug|Any CPU
		{2BAACB95-0B97-4E4E-80AE-7B6B7DA0B580}.Debug|Any CPU.Build.0 = Debug|Any CPU
		{2BAACB95-0B97-4E4E-80AE-7B6B7DA0B580}.Release|Any CPU.ActiveCfg = Release|Any CPU
		{2BAACB95-0B97-4E4E-80AE-7B6B7DA0B580}.Release|Any CPU.Build.0 = Release|Any CPU
	EndGlobalSection
	GlobalSection(SolutionProperties) = preSolution
		HideSolutionNode = FALSE
	EndGlobalSection
	GlobalSection(ExtensibilityGlobals) = postSolution
		SolutionGuid = {8A297C6A-6A12-4F9F-BACB-CE59135C44F7}
	EndGlobalSection
EndGlobal
